# This file is autogenerated, do not edit; changes may be undone by the next 'dep ensure'.


[[projects]]
  branch = "master"
  digest = "1:ce153ff75653d2a7728e9319e5d361c5e992658119b817dd2c01c7b2d2a723ad"
  name = "github.com/axamon/gobrain"
  packages = ["."]
  pruneopts = "UT"
  revision = "108d7a30746f5d9d0055235cd0f081b8e1285401"

[[projects]]
  branch = "master"
  digest = "1:b3940fb7383f4a08adbe72ee0ddedb3c379397eb5924bb3f5b20d37ca43acd9f"
  name = "github.com/axamon/persist"
  packages = ["."]
  pruneopts = "UT"
  revision = "ddde794bade9d582625e1462b3e17d27053641ba"

[[projects]]
  branch = "master"
  digest = "1:929520b5c22f223f3be85d43cc47699f96ae5761468f024531be13deb16b6c39"
  name = "github.com/cdipaolo/goml"
  packages = ["base"]
  pruneopts = "UT"
  revision = "e2d8def04c9a19893aba223c21899c77089651ee"

[[projects]]
  digest = "1:a3268f22263113b0f451328c981396998ad70d02115c6893dbf15a2a133cf2b9"
  name = "golang.org/x/text"
  packages = ["transform"]
  pruneopts = "UT"
  revision = "f21a4dfb5e38f5895301dc265a8def02365cc3d0"
  version = "v0.3.0"

[solve-meta]
  analyzer-name = "dep"
  analyzer-version = 1
  input-imports = [
    "github.com/axamon/gobrain",
    "github.com/axamon/persist",
    "github.com/cdipaolo/goml/base",
    "golang.org/x/text/transform",
  ]
  solver-name = "gps-cdcl"
  solver-version = 1
